
Microsoft Visual Studio Solution File, Format Version 12.00
# Visual Studio Version 17
VisualStudioVersion = 17.5.002.0
MinimumVisualStudioVersion = 10.0.40219.1
Project("{2150E333-8FDC-42A3-9474-1A3956D46DE8}") = "Finished", "Finished", "{082A1B29-E4D2-43F9-92B4-06773B39EE9E}"
EndProject
Project("{2150E333-8FDC-42A3-9474-1A3956D46DE8}") = "Ch2_Basic", "Ch2_Basic", "{BCEFD359-B452-4BA7-81AD-E7C812264404}"
EndProject
Project("{9A19103F-16F7-4668-BE54-9A1E7A4F7556}") = "List", "Finished\Ch2_Basic\List\List.csproj", "{46378C8F-7088-4890-B438-DECA8EF5DC50}"
EndProject
Project("{9A19103F-16F7-4668-BE54-9A1E7A4F7556}") = "LinkedList", "Finished\Ch2_Basic\LinkedList\LinkedList.csproj", "{B350DA10-231B-42C0-B48F-75017F2E94E8}"
EndProject
Project("{9A19103F-16F7-4668-BE54-9A1E7A4F7556}") = "Challenge", "Finished\Ch2_Basic\Challenge\Challenge.csproj", "{4BACEB6F-859E-4840-B756-B437E6F0FD7D}"
EndProject
Project("{2150E333-8FDC-42A3-9474-1A3956D46DE8}") = "Ch3_Advanced", "Ch3_Advanced", "{88EFEB77-9181-4BE2-9820-4BFA43F06692}"
EndProject
Project("{9A19103F-16F7-4668-BE54-9A1E7A4F7556}") = "Stack", "Finished\Ch3_Advanced\Stack\Stack.csproj", "{6486D248-13EB-4A7C-B329-DF4481EC2EBC}"
EndProject
Project("{9A19103F-16F7-4668-BE54-9A1E7A4F7556}") = "Dictionary", "Finished\Ch3_Advanced\Dictionary\Dictionary.csproj", "{E2680778-BFD8-440D-8B7F-AE3040F0FC76}"
EndProject
Project("{9A19103F-16F7-4668-BE54-9A1E7A4F7556}") = "Queue", "Finished\Ch3_Advanced\Queue\Queue.csproj", "{A4CA2923-1CF8-44E6-BDD0-1FD94E3FCE7F}"
EndProject
Project("{9A19103F-16F7-4668-BE54-9A1E7A4F7556}") = "Challenge", "Finished\Ch3_Advanced\Challenge\Challenge.csproj", "{2FB8E7F5-68EC-4AF5-A20E-929168254B54}"
EndProject
Project("{2150E333-8FDC-42A3-9474-1A3956D46DE8}") = "Ch4_Specialized", "Ch4_Specialized", "{5972EE12-8794-426E-9EE8-AD7709345D45}"
EndProject
Project("{9A19103F-16F7-4668-BE54-9A1E7A4F7556}") = "StringBuilder", "Finished\Ch4_Specialized\StringBuilder\StringBuilder.csproj", "{E52B9799-B1FE-4004-92D8-E87C1A132034}"
EndProject
Project("{9A19103F-16F7-4668-BE54-9A1E7A4F7556}") = "StringCollection", "Finished\Ch4_Specialized\StringCollection\StringCollection.csproj", "{50639F3F-84BF-4320-9538-3427ED82176A}"
EndProject
Project("{9A19103F-16F7-4668-BE54-9A1E7A4F7556}") = "OrderedDictExample", "Finished\Ch4_Specialized\OrderedDictExample\OrderedDictExample.csproj", "{7F725C03-E6F3-44C9-B18B-B2697981714D}"
EndProject
Project("{9A19103F-16F7-4668-BE54-9A1E7A4F7556}") = "HybridDictExample", "Finished\Ch4_Specialized\HybridDictExample\HybridDictExample.csproj", "{3C9D40B4-D4E7-4A4A-AE16-29A840D87B33}"
EndProject
Project("{9A19103F-16F7-4668-BE54-9A1E7A4F7556}") = "Challenge", "Finished\Ch4_Specialized\Challenge\Challenge.csproj", "{B594E108-8C8D-418D-B698-2D27B8C1667D}"
EndProject
Project("{2150E333-8FDC-42A3-9474-1A3956D46DE8}") = "Ch1_Intro", "Ch1_Intro", "{1A738075-E6DD-47F1-ABAA-0C4512EB093C}"
EndProject
Project("{9A19103F-16F7-4668-BE54-9A1E7A4F7556}") = "Basic", "Finished\Ch1_Intro\Basic\Basic.csproj", "{20C372E8-EBEE-432C-9A70-AC4A86B78082}"
EndProject
Project("{2150E333-8FDC-42A3-9474-1A3956D46DE8}") = "Start", "Start", "{58F0D9CF-099F-4A39-B729-22DF75749C4A}"
EndProject
Project("{2150E333-8FDC-42A3-9474-1A3956D46DE8}") = "Ch2_Basic", "Ch2_Basic", "{DB674A6D-3508-4200-97B0-266BFFA5B381}"
EndProject
Project("{9A19103F-16F7-4668-BE54-9A1E7A4F7556}") = "List", "Start\Ch2_Basic\List\List.csproj", "{C28B4A88-989D-4912-95F2-1A23188E813E}"
EndProject
Project("{9A19103F-16F7-4668-BE54-9A1E7A4F7556}") = "LinkedList", "Start\Ch2_Basic\LinkedList\LinkedList.csproj", "{18A763D5-D7DB-4D02-BDF7-9ECF7A0FEDD9}"
EndProject
Project("{9A19103F-16F7-4668-BE54-9A1E7A4F7556}") = "Challenge", "Start\Ch2_Basic\Challenge\Challenge.csproj", "{D28BBB88-E134-4149-9E80-A5559C3353D6}"
EndProject
Project("{2150E333-8FDC-42A3-9474-1A3956D46DE8}") = "Ch3_Advanced", "Ch3_Advanced", "{352AA608-B1F8-4189-8A0B-6D0FCEEFBE06}"
EndProject
Project("{9A19103F-16F7-4668-BE54-9A1E7A4F7556}") = "Stack", "Start\Ch3_Advanced\Stack\Stack.csproj", "{1280D2B2-3B0F-4912-85C9-930FD568EA5F}"
EndProject
Project("{9A19103F-16F7-4668-BE54-9A1E7A4F7556}") = "Dictionary", "Start\Ch3_Advanced\Dictionary\Dictionary.csproj", "{49BEA4D1-7145-404E-93A7-4C1F0A7D77AD}"
EndProject
Project("{9A19103F-16F7-4668-BE54-9A1E7A4F7556}") = "Queue", "Start\Ch3_Advanced\Queue\Queue.csproj", "{0AE7AB30-921D-4C7E-83B8-27ABB3B721A6}"
EndProject
Project("{9A19103F-16F7-4668-BE54-9A1E7A4F7556}") = "Challenge", "Start\Ch3_Advanced\Challenge\Challenge.csproj", "{DB2DAE55-D255-47C3-A3A6-FF29B6F897D9}"
EndProject
Project("{2150E333-8FDC-42A3-9474-1A3956D46DE8}") = "Ch4_Specialized", "Ch4_Specialized", "{26598C1C-FCD3-4C66-80C7-EFEBDA1F7BB3}"
EndProject
Project("{9A19103F-16F7-4668-BE54-9A1E7A4F7556}") = "StringBuilder", "Start\Ch4_Specialized\StringBuilder\StringBuilder.csproj", "{8C80E2D6-B721-4867-86C6-C3257AE10BB9}"
EndProject
Project("{9A19103F-16F7-4668-BE54-9A1E7A4F7556}") = "StringCollection", "Start\Ch4_Specialized\StringCollection\StringCollection.csproj", "{AE1A6A89-B368-4362-9FCB-935E9C8A35AD}"
EndProject
Project("{9A19103F-16F7-4668-BE54-9A1E7A4F7556}") = "OrderedDictExample", "Start\Ch4_Specialized\OrderedDictExample\OrderedDictExample.csproj", "{AC67B6C0-3E9B-41B0-BA45-317AD4122DEA}"
EndProject
Project("{9A19103F-16F7-4668-BE54-9A1E7A4F7556}") = "HybridDictExample", "Start\Ch4_Specialized\HybridDictExample\HybridDictExample.csproj", "{251781DC-071D-4B3B-8CDD-81BAA657B981}"
EndProject
Project("{9A19103F-16F7-4668-BE54-9A1E7A4F7556}") = "Challenge", "Start\Ch4_Specialized\Challenge\Challenge.csproj", "{F0CF3C70-0903-478D-96EB-62E1B5292C9E}"
EndProject
Project("{2150E333-8FDC-42A3-9474-1A3956D46DE8}") = "Ch1_Intro", "Ch1_Intro", "{44175318-A1FB-460A-978F-5D24EED44A86}"
EndProject
Project("{9A19103F-16F7-4668-BE54-9A1E7A4F7556}") = "Basic", "Start\Ch1_Intro\Basic\Basic.csproj", "{BFE5500C-E06C-4761-8A92-F8ECC3FE9AC6}"
EndProject
Global
	GlobalSection(SolutionConfigurationPlatforms) = preSolution
		Debug|Any CPU = Debug|Any CPU
		Release|Any CPU = Release|Any CPU
	EndGlobalSection
	GlobalSection(ProjectConfigurationPlatforms) = postSolution
		{46378C8F-7088-4890-B438-DECA8EF5DC50}.Debug|Any CPU.ActiveCfg = Debug|Any CPU
		{46378C8F-7088-4890-B438-DECA8EF5DC50}.Debug|Any CPU.Build.0 = Debug|Any CPU
		{46378C8F-7088-4890-B438-DECA8EF5DC50}.Release|Any CPU.ActiveCfg = Release|Any CPU
		{46378C8F-7088-4890-B438-DECA8EF5DC50}.Release|Any CPU.Build.0 = Release|Any CPU
		{B350DA10-231B-42C0-B48F-75017F2E94E8}.Debug|Any CPU.ActiveCfg = Debug|Any CPU
		{B350DA10-231B-42C0-B48F-75017F2E94E8}.Debug|Any CPU.Build.0 = Debug|Any CPU
		{B350DA10-231B-42C0-B48F-75017F2E94E8}.Release|Any CPU.ActiveCfg = Release|Any CPU
		{B350DA10-231B-42C0-B48F-75017F2E94E8}.Release|Any CPU.Build.0 = Release|Any CPU
		{4BACEB6F-859E-4840-B756-B437E6F0FD7D}.Debug|Any CPU.ActiveCfg = Debug|Any CPU
		{4BACEB6F-859E-4840-B756-B437E6F0FD7D}.Debug|Any CPU.Build.0 = Debug|Any CPU
		{4BACEB6F-859E-4840-B756-B437E6F0FD7D}.Release|Any CPU.ActiveCfg = Release|Any CPU
		{4BACEB6F-859E-4840-B756-B437E6F0FD7D}.Release|Any CPU.Build.0 = Release|Any CPU
		{6486D248-13EB-4A7C-B329-DF4481EC2EBC}.Debug|Any CPU.ActiveCfg = Debug|Any CPU
		{6486D248-13EB-4A7C-B329-DF4481EC2EBC}.Debug|Any CPU.Build.0 = Debug|Any CPU
		{6486D248-13EB-4A7C-B329-DF4481EC2EBC}.Release|Any CPU.ActiveCfg = Release|Any CPU
		{6486D248-13EB-4A7C-B329-DF4481EC2EBC}.Release|Any CPU.Build.0 = Release|Any CPU
		{E2680778-BFD8-440D-8B7F-AE3040F0FC76}.Debug|Any CPU.ActiveCfg = Debug|Any CPU
		{E2680778-BFD8-440D-8B7F-AE3040F0FC76}.Debug|Any CPU.Build.0 = Debug|Any CPU
		{E2680778-BFD8-440D-8B7F-AE3040F0FC76}.Release|Any CPU.ActiveCfg = Release|Any CPU
		{E2680778-BFD8-440D-8B7F-AE3040F0FC76}.Release|Any CPU.Build.0 = Release|Any CPU
		{A4CA2923-1CF8-44E6-BDD0-1FD94E3FCE7F}.Debug|Any CPU.ActiveCfg = Debug|Any CPU
		{A4CA2923-1CF8-44E6-BDD0-1FD94E3FCE7F}.Debug|Any CPU.Build.0 = Debug|Any CPU
		{A4CA2923-1CF8-44E6-BDD0-1FD94E3FCE7F}.Release|Any CPU.ActiveCfg = Release|Any CPU
		{A4CA2923-1CF8-44E6-BDD0-1FD94E3FCE7F}.Release|Any CPU.Build.0 = Release|Any CPU
		{2FB8E7F5-68EC-4AF5-A20E-929168254B54}.Debug|Any CPU.ActiveCfg = Debug|Any CPU
		{2FB8E7F5-68EC-4AF5-A20E-929168254B54}.Debug|Any CPU.Build.0 = Debug|Any CPU
		{2FB8E7F5-68EC-4AF5-A20E-929168254B54}.Release|Any CPU.ActiveCfg = Release|Any CPU
		{2FB8E7F5-68EC-4AF5-A20E-929168254B54}.Release|Any CPU.Build.0 = Release|Any CPU
		{E52B9799-B1FE-4004-92D8-E87C1A132034}.Debug|Any CPU.ActiveCfg = Debug|Any CPU
		{E52B9799-B1FE-4004-92D8-E87C1A132034}.Debug|Any CPU.Build.0 = Debug|Any CPU
		{E52B9799-B1FE-4004-92D8-E87C1A132034}.Release|Any CPU.ActiveCfg = Release|Any CPU
		{E52B9799-B1FE-4004-92D8-E87C1A132034}.Release|Any CPU.Build.0 = Release|Any CPU
		{50639F3F-84BF-4320-9538-3427ED82176A}.Debug|Any CPU.ActiveCfg = Debug|Any CPU
		{50639F3F-84BF-4320-9538-3427ED82176A}.Debug|Any CPU.Build.0 = Debug|Any CPU
		{50639F3F-84BF-4320-9538-3427ED82176A}.Release|Any CPU.ActiveCfg = Release|Any CPU
		{50639F3F-84BF-4320-9538-3427ED82176A}.Release|Any CPU.Build.0 = Release|Any CPU
		{7F725C03-E6F3-44C9-B18B-B2697981714D}.Debug|Any CPU.ActiveCfg = Debug|Any CPU
		{7F725C03-E6F3-44C9-B18B-B2697981714D}.Debug|Any CPU.Build.0 = Debug|Any CPU
		{7F725C03-E6F3-44C9-B18B-B2697981714D}.Release|Any CPU.ActiveCfg = Release|Any CPU
		{7F725C03-E6F3-44C9-B18B-B2697981714D}.Release|Any CPU.Build.0 = Release|Any CPU
		{3C9D40B4-D4E7-4A4A-AE16-29A840D87B33}.Debug|Any CPU.ActiveCfg = Debug|Any CPU
		{3C9D40B4-D4E7-4A4A-AE16-29A840D87B33}.Debug|Any CPU.Build.0 = Debug|Any CPU
		{3C9D40B4-D4E7-4A4A-AE16-29A840D87B33}.Release|Any CPU.ActiveCfg = Release|Any CPU
		{3C9D40B4-D4E7-4A4A-AE16-29A840D87B33}.Release|Any CPU.Build.0 = Release|Any CPU
		{B594E108-8C8D-418D-B698-2D27B8C1667D}.Debug|Any CPU.ActiveCfg = Debug|Any CPU
		{B594E108-8C8D-418D-B698-2D27B8C1667D}.Debug|Any CPU.Build.0 = Debug|Any CPU
		{B594E108-8C8D-418D-B698-2D27B8C1667D}.Release|Any CPU.ActiveCfg = Release|Any CPU
		{B594E108-8C8D-418D-B698-2D27B8C1667D}.Release|Any CPU.Build.0 = Release|Any CPU
		{20C372E8-EBEE-432C-9A70-AC4A86B78082}.Debug|Any CPU.ActiveCfg = Debug|Any CPU
		{20C372E8-EBEE-432C-9A70-AC4A86B78082}.Debug|Any CPU.Build.0 = Debug|Any CPU
		{20C372E8-EBEE-432C-9A70-AC4A86B78082}.Release|Any CPU.ActiveCfg = Release|Any CPU
		{20C372E8-EBEE-432C-9A70-AC4A86B78082}.Release|Any CPU.Build.0 = Release|Any CPU
		{C28B4A88-989D-4912-95F2-1A23188E813E}.Debug|Any CPU.ActiveCfg = Debug|Any CPU
		{C28B4A88-989D-4912-95F2-1A23188E813E}.Debug|Any CPU.Build.0 = Debug|Any CPU
		{C28B4A88-989D-4912-95F2-1A23188E813E}.Release|Any CPU.ActiveCfg = Release|Any CPU
		{C28B4A88-989D-4912-95F2-1A23188E813E}.Release|Any CPU.Build.0 = Release|Any CPU
		{18A763D5-D7DB-4D02-BDF7-9ECF7A0FEDD9}.Debug|Any CPU.ActiveCfg = Debug|Any CPU
		{18A763D5-D7DB-4D02-BDF7-9ECF7A0FEDD9}.Debug|Any CPU.Build.0 = Debug|Any CPU
		{18A763D5-D7DB-4D02-BDF7-9ECF7A0FEDD9}.Release|Any CPU.ActiveCfg = Release|Any CPU
		{18A763D5-D7DB-4D02-BDF7-9ECF7A0FEDD9}.Release|Any CPU.Build.0 = Release|Any CPU
		{D28BBB88-E134-4149-9E80-A5559C3353D6}.Debug|Any CPU.ActiveCfg = Debug|Any CPU
		{D28BBB88-E134-4149-9E80-A5559C3353D6}.Debug|Any CPU.Build.0 = Debug|Any CPU
		{D28BBB88-E134-4149-9E80-A5559C3353D6}.Release|Any CPU.ActiveCfg = Release|Any CPU
		{D28BBB88-E134-4149-9E80-A5559C3353D6}.Release|Any CPU.Build.0 = Release|Any CPU
		{1280D2B2-3B0F-4912-85C9-930FD568EA5F}.Debug|Any CPU.ActiveCfg = Debug|Any CPU
		{1280D2B2-3B0F-4912-85C9-930FD568EA5F}.Debug|Any CPU.Build.0 = Debug|Any CPU
		{1280D2B2-3B0F-4912-85C9-930FD568EA5F}.Release|Any CPU.ActiveCfg = Release|Any CPU
		{1280D2B2-3B0F-4912-85C9-930FD568EA5F}.Release|Any CPU.Build.0 = Release|Any CPU
		{49BEA4D1-7145-404E-93A7-4C1F0A7D77AD}.Debug|Any CPU.ActiveCfg = Debug|Any CPU
		{49BEA4D1-7145-404E-93A7-4C1F0A7D77AD}.Debug|Any CPU.Build.0 = Debug|Any CPU
		{49BEA4D1-7145-404E-93A7-4C1F0A7D77AD}.Release|Any CPU.ActiveCfg = Release|Any CPU
		{49BEA4D1-7145-404E-93A7-4C1F0A7D77AD}.Release|Any CPU.Build.0 = Release|Any CPU
		{0AE7AB30-921D-4C7E-83B8-27ABB3B721A6}.Debug|Any CPU.ActiveCfg = Debug|Any CPU
		{0AE7AB30-921D-4C7E-83B8-27ABB3B721A6}.Debug|Any CPU.Build.0 = Debug|Any CPU
		{0AE7AB30-921D-4C7E-83B8-27ABB3B721A6}.Release|Any CPU.ActiveCfg = Release|Any CPU
		{0AE7AB30-921D-4C7E-83B8-27ABB3B721A6}.Release|Any CPU.Build.0 = Release|Any CPU
		{DB2DAE55-D255-47C3-A3A6-FF29B6F897D9}.Debug|Any CPU.ActiveCfg = Debug|Any CPU
		{DB2DAE55-D255-47C3-A3A6-FF29B6F897D9}.Debug|Any CPU.Build.0 = Debug|Any CPU
		{DB2DAE55-D255-47C3-A3A6-FF29B6F897D9}.Release|Any CPU.ActiveCfg = Release|Any CPU
		{DB2DAE55-D255-47C3-A3A6-FF29B6F897D9}.Release|Any CPU.Build.0 = Release|Any CPU
		{8C80E2D6-B721-4867-86C6-C3257AE10BB9}.Debug|Any CPU.ActiveCfg = Debug|Any CPU
		{8C80E2D6-B721-4867-86C6-C3257AE10BB9}.Debug|Any CPU.Build.0 = Debug|Any CPU
		{8C80E2D6-B721-4867-86C6-C3257AE10BB9}.Release|Any CPU.ActiveCfg = Release|Any CPU
		{8C80E2D6-B721-4867-86C6-C3257AE10BB9}.Release|Any CPU.Build.0 = Release|Any CPU
		{AE1A6A89-B368-4362-9FCB-935E9C8A35AD}.Debug|Any CPU.ActiveCfg = Debug|Any CPU
		{AE1A6A89-B368-4362-9FCB-935E9C8A35AD}.Debug|Any CPU.Build.0 = Debug|Any CPU
		{AE1A6A89-B368-4362-9FCB-935E9C8A35AD}.Release|Any CPU.ActiveCfg = Release|Any CPU
		{AE1A6A89-B368-4362-9FCB-935E9C8A35AD}.Release|Any CPU.Build.0 = Release|Any CPU
		{AC67B6C0-3E9B-41B0-BA45-317AD4122DEA}.Debug|Any CPU.ActiveCfg = Debug|Any CPU
		{AC67B6C0-3E9B-41B0-BA45-317AD4122DEA}.Debug|Any CPU.Build.0 = Debug|Any CPU
		{AC67B6C0-3E9B-41B0-BA45-317AD4122DEA}.Release|Any CPU.ActiveCfg = Release|Any CPU
		{AC67B6C0-3E9B-41B0-BA45-317AD4122DEA}.Release|Any CPU.Build.0 = Release|Any CPU
		{251781DC-071D-4B3B-8CDD-81BAA657B981}.Debug|Any CPU.ActiveCfg = Debug|Any CPU
		{251781DC-071D-4B3B-8CDD-81BAA657B981}.Debug|Any CPU.Build.0 = Debug|Any CPU
		{251781DC-071D-4B3B-8CDD-81BAA657B981}.Release|Any CPU.ActiveCfg = Release|Any CPU
		{251781DC-071D-4B3B-8CDD-81BAA657B981}.Release|Any CPU.Build.0 = Release|Any CPU
		{F0CF3C70-0903-478D-96EB-62E1B5292C9E}.Debug|Any CPU.ActiveCfg = Debug|Any CPU
		{F0CF3C70-0903-478D-96EB-62E1B5292C9E}.Debug|Any CPU.Build.0 = Debug|Any CPU
		{F0CF3C70-0903-478D-96EB-62E1B5292C9E}.Release|Any CPU.ActiveCfg = Release|Any CPU
		{F0CF3C70-0903-478D-96EB-62E1B5292C9E}.Release|Any CPU.Build.0 = Release|Any CPU
		{BFE5500C-E06C-4761-8A92-F8ECC3FE9AC6}.Debug|Any CPU.ActiveCfg = Debug|Any CPU
		{BFE5500C-E06C-4761-8A92-F8ECC3FE9AC6}.Debug|Any CPU.Build.0 = Debug|Any CPU
		{BFE5500C-E06C-4761-8A92-F8ECC3FE9AC6}.Release|Any CPU.ActiveCfg = Release|Any CPU
		{BFE5500C-E06C-4761-8A92-F8ECC3FE9AC6}.Release|Any CPU.Build.0 = Release|Any CPU
	EndGlobalSection
	GlobalSection(SolutionProperties) = preSolution
		HideSolutionNode = FALSE
	EndGlobalSection
	GlobalSection(NestedProjects) = preSolution
		{BCEFD359-B452-4BA7-81AD-E7C812264404} = {082A1B29-E4D2-43F9-92B4-06773B39EE9E}
		{46378C8F-7088-4890-B438-DECA8EF5DC50} = {BCEFD359-B452-4BA7-81AD-E7C812264404}
		{B350DA10-231B-42C0-B48F-75017F2E94E8} = {BCEFD359-B452-4BA7-81AD-E7C812264404}
		{4BACEB6F-859E-4840-B756-B437E6F0FD7D} = {BCEFD359-B452-4BA7-81AD-E7C812264404}
		{88EFEB77-9181-4BE2-9820-4BFA43F06692} = {082A1B29-E4D2-43F9-92B4-06773B39EE9E}
		{6486D248-13EB-4A7C-B329-DF4481EC2EBC} = {88EFEB77-9181-4BE2-9820-4BFA43F06692}
		{E2680778-BFD8-440D-8B7F-AE3040F0FC76} = {88EFEB77-9181-4BE2-9820-4BFA43F06692}
		{A4CA2923-1CF8-44E6-BDD0-1FD94E3FCE7F} = {88EFEB77-9181-4BE2-9820-4BFA43F06692}
		{2FB8E7F5-68EC-4AF5-A20E-929168254B54} = {88EFEB77-9181-4BE2-9820-4BFA43F06692}
		{5972EE12-8794-426E-9EE8-AD7709345D45} = {082A1B29-E4D2-43F9-92B4-06773B39EE9E}
		{E52B9799-B1FE-4004-92D8-E87C1A132034} = {5972EE12-8794-426E-9EE8-AD7709345D45}
		{50639F3F-84BF-4320-9538-3427ED82176A} = {5972EE12-8794-426E-9EE8-AD7709345D45}
		{7F725C03-E6F3-44C9-B18B-B2697981714D} = {5972EE12-8794-426E-9EE8-AD7709345D45}
		{3C9D40B4-D4E7-4A4A-AE16-29A840D87B33} = {5972EE12-8794-426E-9EE8-AD7709345D45}
		{B594E108-8C8D-418D-B698-2D27B8C1667D} = {5972EE12-8794-426E-9EE8-AD7709345D45}
		{1A738075-E6DD-47F1-ABAA-0C4512EB093C} = {082A1B29-E4D2-43F9-92B4-06773B39EE9E}
		{20C372E8-EBEE-432C-9A70-AC4A86B78082} = {1A738075-E6DD-47F1-ABAA-0C4512EB093C}
		{DB674A6D-3508-4200-97B0-266BFFA5B381} = {58F0D9CF-099F-4A39-B729-22DF75749C4A}
		{C28B4A88-989D-4912-95F2-1A23188E813E} = {DB674A6D-3508-4200-97B0-266BFFA5B381}
		{18A763D5-D7DB-4D02-BDF7-9ECF7A0FEDD9} = {DB674A6D-3508-4200-97B0-266BFFA5B381}
		{D28BBB88-E134-4149-9E80-A5559C3353D6} = {DB674A6D-3508-4200-97B0-266BFFA5B381}
		{352AA608-B1F8-4189-8A0B-6D0FCEEFBE06} = {58F0D9CF-099F-4A39-B729-22DF75749C4A}
		{1280D2B2-3B0F-4912-85C9-930FD568EA5F} = {352AA608-B1F8-4189-8A0B-6D0FCEEFBE06}
		{49BEA4D1-7145-404E-93A7-4C1F0A7D77AD} = {352AA608-B1F8-4189-8A0B-6D0FCEEFBE06}
		{0AE7AB30-921D-4C7E-83B8-27ABB3B721A6} = {352AA608-B1F8-4189-8A0B-6D0FCEEFBE06}
		{DB2DAE55-D255-47C3-A3A6-FF29B6F897D9} = {352AA608-B1F8-4189-8A0B-6D0FCEEFBE06}
		{26598C1C-FCD3-4C66-80C7-EFEBDA1F7BB3} = {58F0D9CF-099F-4A39-B729-22DF75749C4A}
		{8C80E2D6-B721-4867-86C6-C3257AE10BB9} = {26598C1C-FCD3-4C66-80C7-EFEBDA1F7BB3}
		{AE1A6A89-B368-4362-9FCB-935E9C8A35AD} = {26598C1C-FCD3-4C66-80C7-EFEBDA1F7BB3}
		{AC67B6C0-3E9B-41B0-BA45-317AD4122DEA} = {26598C1C-FCD3-4C66-80C7-EFEBDA1F7BB3}
		{251781DC-071D-4B3B-8CDD-81BAA657B981} = {26598C1C-FCD3-4C66-80C7-EFEBDA1F7BB3}
		{F0CF3C70-0903-478D-96EB-62E1B5292C9E} = {26598C1C-FCD3-4C66-80C7-EFEBDA1F7BB3}
		{44175318-A1FB-460A-978F-5D24EED44A86} = {58F0D9CF-099F-4A39-B729-22DF75749C4A}
		{BFE5500C-E06C-4761-8A92-F8ECC3FE9AC6} = {44175318-A1FB-460A-978F-5D24EED44A86}
	EndGlobalSection
	GlobalSection(ExtensibilityGlobals) = postSolution
		SolutionGuid = {BE3A5B94-A804-4875-B9BA-8BC03D556F33}
	EndGlobalSection
EndGlobal
